
Microsoft Visual Studio Solution File, Format Version 12.00
# Visual Studio Version 16
VisualStudioVersion = 16.0.29424.173
MinimumVisualStudioVersion = 10.0.40219.1
Project("{9A19103F-16F7-4668-BE54-9A1E7A4F7556}") = "FileRenameByRegexPattern", "FileRenameByRegexPattern.csproj", "{A667F07B-CEBD-4122-97CF-551C392DA518}"
EndProject
Global
	GlobalSection(SolutionConfigurationPlatforms) = preSolution
		Debug|Any CPU = Debug|Any CPU
		Release|Any CPU = Release|Any CPU
	EndGlobalSection
	GlobalSection(ProjectConfigurationPlatforms) = postSolution
		{A667F07B-CEBD-4122-97CF-551C392DA518}.Debug|Any CPU.ActiveCfg = Debug|Any CPU
		{A667F07B-CEBD-4122-97CF-551C392DA518}.Debug|Any CPU.Build.0 = Debug|Any CPU
		{A667F07B-CEBD-4122-97CF-551C392DA518}.Release|Any CPU.ActiveCfg = Release|Any CPU
		{A667F07B-CEBD-4122-97CF-551C392DA518}.Release|Any CPU.Build.0 = Release|Any CPU
	EndGlobalSection
	GlobalSection(SolutionProperties) = preSolution
		HideSolutionNode = FALSE
	EndGlobalSection
	GlobalSection(ExtensibilityGlobals) = postSolution
		SolutionGuid = {D48A1CE0-CD87-43E8-A19C-C3E825362561}
	EndGlobalSection
EndGlobal
